{
  "expo": {
    "name": "ElronPrint",
    "slug": "elronprint-app",
    "version": "1.0.0",
    "scheme": "elronprint",
    "orientation": "portrait",
    "icon": "./assets/icon.png",
    "userInterfaceStyle": "dark",
    "backgroundColor": "#141414",
    "ios": {
      "supportsTablet": false,
      "bundleIdentifier": "co.il.elronprint.app",
      "infoPlist": {
        "NSPhotoLibraryUsageDescription": "האפליקציה צריכה גישה לגלריה כדי להעלות עיצוב לחולצה",
        "NSCameraUsageDescription": "האפליקציה צריכה גישה למצלמה כדי לצלם עיצוב לחולצה"
      }
    },
    "android": {
      "package": "co.il.elronprint.app",
      "adaptiveIcon": {
        "backgroundColor": "#141414",
        "foregroundImage": "./assets/android-icon-foreground.png",
        "backgroundImage": "./assets/android-icon-background.png",
        "monochromeImage": "./assets/android-icon-monochrome.png"
      },
      "predictiveBackGestureEnabled": false
    },
    "plugins": ["expo-router", "expo-image-picker"],
    "extra": {
      "SHOPIFY_DOMAIN": "mxgb4q-em.myshopify.com",
      "SHOPIFY_STOREFRONT_TOKEN": "3c91832c815ab1f2484970232d6f0ea1",
      "CLOUDINARY_CLOUD": "dztd5g0p8",
      "CLOUDINARY_PRESET": "elronprint",
      "VERCEL_API_BASE": "https://elronprint-studio-api.vercel.app/api",
      "CUSTOM_PRODUCT_QUERY": "הדפסה על חולצות"
    }
  }
}
